Microsoft Visual Studio Solution File, Format Version 12.00
# Visual Studio 15
VisualStudioVersion = 15.0.27130.2027
MinimumVisualStudioVersion = 15.0.26124.0
Project("{9A19103F-16F7-4668-BE54-9A1E7A4F7556}") = "unipaulistana.model", "unipaulistana.model\unipaulistana.model.csproj", "{6F8962ED-FEC3-478E-ABD0-6E8F92C2A1C4}"
EndProject
Project("{9A19103F-16F7-4668-BE54-9A1E7A4F7556}") = "unipaulistana.data", "unipaulistana.data\unipaulistana.data.csproj", "{22B9A5F0-453A-4604-81E1-FFCC77C4BD64}"
EndProject
Project("{9A19103F-16F7-4668-BE54-9A1E7A4F7556}") = "unipaulistana.services", "unipaulistana.services\unipaulistana.services.csproj", "{0132C45A-E129-4129-87FD-B6891A9B8D07}"
EndProject
Project("{9A19103F-16F7-4668-BE54-9A1E7A4F7556}") = "unipaulistana.web", "unipaulistana.web\unipaulistana.web.csproj", "{AB47E32D-E5BD-439F-A73E-3364EB84D3EA}"
EndProject
Global
	GlobalSection(SolutionConfigurationPlatforms) = preSolution
		Debug|Any CPU = Debug|Any CPU
		Debug|x64 = Debug|x64
		Debug|x86 = Debug|x86
		Release|Any CPU = Release|Any CPU
		Release|x64 = Release|x64
		Release|x86 = Release|x86
	EndGlobalSection
	GlobalSection(ProjectConfigurationPlatforms) = postSolution
		{6F8962ED-FEC3-478E-ABD0-6E8F92C2A1C4}.Debug|Any CPU.ActiveCfg = Debug|Any CPU
		{6F8962ED-FEC3-478E-ABD0-6E8F92C2A1C4}.Debug|Any CPU.Build.0 = Debug|Any CPU
		{6F8962ED-FEC3-478E-ABD0-6E8F92C2A1C4}.Debug|x64.ActiveCfg = Debug|Any CPU
		{6F8962ED-FEC3-478E-ABD0-6E8F92C2A1C4}.Debug|x64.Build.0 = Debug|Any CPU
		{6F8962ED-FEC3-478E-ABD0-6E8F92C2A1C4}.Debug|x86.ActiveCfg = Debug|Any CPU
		{6F8962ED-FEC3-478E-ABD0-6E8F92C2A1C4}.Debug|x86.Build.0 = Debug|Any CPU
		{6F8962ED-FEC3-478E-ABD0-6E8F92C2A1C4}.Release|Any CPU.ActiveCfg = Release|Any CPU
		{6F8962ED-FEC3-478E-ABD0-6E8F92C2A1C4}.Release|Any CPU.Build.0 = Release|Any CPU
		{6F8962ED-FEC3-478E-ABD0-6E8F92C2A1C4}.Release|x64.ActiveCfg = Release|Any CPU
		{6F8962ED-FEC3-478E-ABD0-6E8F92C2A1C4}.Release|x64.Build.0 = Release|Any CPU
		{6F8962ED-FEC3-478E-ABD0-6E8F92C2A1C4}.Release|x86.ActiveCfg = Release|Any CPU
		{6F8962ED-FEC3-478E-ABD0-6E8F92C2A1C4}.Release|x86.Build.0 = Release|Any CPU
		{22B9A5F0-453A-4604-81E1-FFCC77C4BD64}.Debug|Any CPU.ActiveCfg = Debug|Any CPU
		{22B9A5F0-453A-4604-81E1-FFCC77C4BD64}.Debug|Any CPU.Build.0 = Debug|Any CPU
		{22B9A5F0-453A-4604-81E1-FFCC77C4BD64}.Debug|x64.ActiveCfg = Debug|Any CPU
		{22B9A5F0-453A-4604-81E1-FFCC77C4BD64}.Debug|x64.Build.0 = Debug|Any CPU
		{22B9A5F0-453A-4604-81E1-FFCC77C4BD64}.Debug|x86.ActiveCfg = Debug|Any CPU
		{22B9A5F0-453A-4604-81E1-FFCC77C4BD64}.Debug|x86.Build.0 = Debug|Any CPU
		{22B9A5F0-453A-4604-81E1-FFCC77C4BD64}.Release|Any CPU.ActiveCfg = Release|Any CPU
		{22B9A5F0-453A-4604-81E1-FFCC77C4BD64}.Release|Any CPU.Build.0 = Release|Any CPU
		{22B9A5F0-453A-4604-81E1-FFCC77C4BD64}.Release|x64.ActiveCfg = Release|Any CPU
		{22B9A5F0-453A-4604-81E1-FFCC77C4BD64}.Release|x64.Build.0 = Release|Any CPU
		{22B9A5F0-453A-4604-81E1-FFCC77C4BD64}.Release|x86.ActiveCfg = Release|Any CPU
		{22B9A5F0-453A-4604-81E1-FFCC77C4BD64}.Release|x86.Build.0 = Release|Any CPU
		{0132C45A-E129-4129-87FD-B6891A9B8D07}.Debug|Any CPU.ActiveCfg = Debug|Any CPU
		{0132C45A-E129-4129-87FD-B6891A9B8D07}.Debug|Any CPU.Build.0 = Debug|Any CPU
		{0132C45A-E129-4129-87FD-B6891A9B8D07}.Debug|x64.ActiveCfg = Debug|Any CPU
		{0132C45A-E129-4129-87FD-B6891A9B8D07}.Debug|x64.Build.0 = Debug|Any CPU
		{0132C45A-E129-4129-87FD-B6891A9B8D07}.Debug|x86.ActiveCfg = Debug|Any CPU
		{0132C45A-E129-4129-87FD-B6891A9B8D07}.Debug|x86.Build.0 = Debug|Any CPU
		{0132C45A-E129-4129-87FD-B6891A9B8D07}.Release|Any CPU.ActiveCfg = Release|Any CPU
		{0132C45A-E129-4129-87FD-B6891A9B8D07}.Release|Any CPU.Build.0 = Release|Any CPU
		{0132C45A-E129-4129-87FD-B6891A9B8D07}.Release|x64.ActiveCfg = Release|Any CPU
		{0132C45A-E129-4129-87FD-B6891A9B8D07}.Release|x64.Build.0 = Release|Any CPU
		{0132C45A-E129-4129-87FD-B6891A9B8D07}.Release|x86.ActiveCfg = Release|Any CPU
		{0132C45A-E129-4129-87FD-B6891A9B8D07}.Release|x86.Build.0 = Release|Any CPU
		{AB47E32D-E5BD-439F-A73E-3364EB84D3EA}.Debug|Any CPU.ActiveCfg = Debug|Any CPU
		{AB47E32D-E5BD-439F-A73E-3364EB84D3EA}.Debug|Any CPU.Build.0 = Debug|Any CPU
		{AB47E32D-E5BD-439F-A73E-3364EB84D3EA}.Debug|x64.ActiveCfg = Debug|Any CPU
		{AB47E32D-E5BD-439F-A73E-3364EB84D3EA}.Debug|x64.Build.0 = Debug|Any CPU
		{AB47E32D-E5BD-439F-A73E-3364EB84D3EA}.Debug|x86.ActiveCfg = Debug|Any CPU
		{AB47E32D-E5BD-439F-A73E-3364EB84D3EA}.Debug|x86.Build.0 = Debug|Any CPU
		{AB47E32D-E5BD-439F-A73E-3364EB84D3EA}.Release|Any CPU.ActiveCfg = Release|Any CPU
		{AB47E32D-E5BD-439F-A73E-3364EB84D3EA}.Release|Any CPU.Build.0 = Release|Any CPU
		{AB47E32D-E5BD-439F-A73E-3364EB84D3EA}.Release|x64.ActiveCfg = Release|Any CPU
		{AB47E32D-E5BD-439F-A73E-3364EB84D3EA}.Release|x64.Build.0 = Release|Any CPU
		{AB47E32D-E5BD-439F-A73E-3364EB84D3EA}.Release|x86.ActiveCfg = Release|Any CPU
		{AB47E32D-E5BD-439F-A73E-3364EB84D3EA}.Release|x86.Build.0 = Release|Any CPU
	EndGlobalSection
	GlobalSection(SolutionProperties) = preSolution
		HideSolutionNode = FALSE
	EndGlobalSection
	GlobalSection(ExtensibilityGlobals) = postSolution
		SolutionGuid = {B5492ADE-F4A6-4A21-85FF-D944ED01DE01}
	EndGlobalSection
EndGlobal
